
Microsoft Visual Studio Solution File, Format Version 12.00
# Visual Studio 14
VisualStudioVersion = 14.0.24720.0
MinimumVisualStudioVersion = 10.0.40219.1
Project("{FAE04EC0-301F-11D3-BF4B-00C04F79EFBC}") = "S3UploadTest", "S3UploadTest\S3UploadTest.csproj", "{EF7F0311-6341-4F21-8773-F59B0EEB6B06}"
EndProject
Project("{6141683F-8A12-4E36-9623-2EB02B2C2303}") = "Setup", "Setup\Setup.isproj", "{51461A94-DE56-4F80-90F5-748D3D7A928F}"
EndProject
Global
	GlobalSection(SolutionConfigurationPlatforms) = preSolution
		CD_ROM|Any CPU = CD_ROM|Any CPU
		Debug|Any CPU = Debug|Any CPU
		DVD-5|Any CPU = DVD-5|Any CPU
		Release|Any CPU = Release|Any CPU
		SingleImage|Any CPU = SingleImage|Any CPU
	EndGlobalSection
	GlobalSection(ProjectConfigurationPlatforms) = postSolution
		{EF7F0311-6341-4F21-8773-F59B0EEB6B06}.CD_ROM|Any CPU.ActiveCfg = Release|Any CPU
		{EF7F0311-6341-4F21-8773-F59B0EEB6B06}.CD_ROM|Any CPU.Build.0 = Release|Any CPU
		{EF7F0311-6341-4F21-8773-F59B0EEB6B06}.Debug|Any CPU.ActiveCfg = Debug|Any CPU
		{EF7F0311-6341-4F21-8773-F59B0EEB6B06}.Debug|Any CPU.Build.0 = Debug|Any CPU
		{EF7F0311-6341-4F21-8773-F59B0EEB6B06}.DVD-5|Any CPU.ActiveCfg = Debug|Any CPU
		{EF7F0311-6341-4F21-8773-F59B0EEB6B06}.DVD-5|Any CPU.Build.0 = Debug|Any CPU
		{EF7F0311-6341-4F21-8773-F59B0EEB6B06}.Release|Any CPU.ActiveCfg = Release|Any CPU
		{EF7F0311-6341-4F21-8773-F59B0EEB6B06}.Release|Any CPU.Build.0 = Release|Any CPU
		{EF7F0311-6341-4F21-8773-F59B0EEB6B06}.SingleImage|Any CPU.ActiveCfg = Release|Any CPU
		{EF7F0311-6341-4F21-8773-F59B0EEB6B06}.SingleImage|Any CPU.Build.0 = Release|Any CPU
		{51461A94-DE56-4F80-90F5-748D3D7A928F}.CD_ROM|Any CPU.ActiveCfg = CD_ROM
		{51461A94-DE56-4F80-90F5-748D3D7A928F}.CD_ROM|Any CPU.Build.0 = CD_ROM
		{51461A94-DE56-4F80-90F5-748D3D7A928F}.Debug|Any CPU.ActiveCfg = DVD-5
		{51461A94-DE56-4F80-90F5-748D3D7A928F}.Debug|Any CPU.Build.0 = DVD-5
		{51461A94-DE56-4F80-90F5-748D3D7A928F}.DVD-5|Any CPU.ActiveCfg = DVD-5
		{51461A94-DE56-4F80-90F5-748D3D7A928F}.DVD-5|Any CPU.Build.0 = DVD-5
		{51461A94-DE56-4F80-90F5-748D3D7A928F}.Release|Any CPU.ActiveCfg = SingleImage
		{51461A94-DE56-4F80-90F5-748D3D7A928F}.Release|Any CPU.Build.0 = SingleImage
		{51461A94-DE56-4F80-90F5-748D3D7A928F}.SingleImage|Any CPU.ActiveCfg = SingleImage
		{51461A94-DE56-4F80-90F5-748D3D7A928F}.SingleImage|Any CPU.Build.0 = SingleImage
	EndGlobalSection
	GlobalSection(SolutionProperties) = preSolution
		HideSolutionNode = FALSE
	EndGlobalSection
EndGlobal
